
Microsoft Visual Studio Solution File, Format Version 12.00
# Visual Studio Version 17
VisualStudioVersion = 17.0.32126.317
MinimumVisualStudioVersion = 10.0.40219.1
Project("{9A19103F-16F7-4668-BE54-9A1E7A4F7556}") = "MyTrace", "MyTrace.csproj", "{958C4BF2-038B-4CB3-9FB7-338037F48F21}"
EndProject
Global
	GlobalSection(SolutionConfigurationPlatforms) = preSolution
		Debug|Any CPU = Debug|Any CPU
		Release|Any CPU = Release|Any CPU
	EndGlobalSection
	GlobalSection(ProjectConfigurationPlatforms) = postSolution
		{958C4BF2-038B-4CB3-9FB7-338037F48F21}.Debug|Any CPU.ActiveCfg = Debug|Any CPU
		{958C4BF2-038B-4CB3-9FB7-338037F48F21}.Debug|Any CPU.Build.0 = Debug|Any CPU
		{958C4BF2-038B-4CB3-9FB7-338037F48F21}.Release|Any CPU.ActiveCfg = Release|Any CPU
		{958C4BF2-038B-4CB3-9FB7-338037F48F21}.Release|Any CPU.Build.0 = Release|Any CPU
	EndGlobalSection
	GlobalSection(SolutionProperties) = preSolution
		HideSolutionNode = FALSE
	EndGlobalSection
	GlobalSection(ExtensibilityGlobals) = postSolution
		SolutionGuid = {C3465563-D6AD-4220-B3A7-B6ACD7F02329}
	EndGlobalSection
EndGlobal
