
Microsoft Visual Studio Solution File, Format Version 12.00
# Visual Studio Version 16
VisualStudioVersion = 16.0.31402.337
MinimumVisualStudioVersion = 10.0.40219.1
Project("{9A19103F-16F7-4668-BE54-9A1E7A4F7556}") = "EchoService", "EchoService.csproj", "{0FF523C1-C4CB-4C95-AE19-F5AC54C85990}"
EndProject
Global
	GlobalSection(SolutionConfigurationPlatforms) = preSolution
		Debug|Any CPU = Debug|Any CPU
		Release|Any CPU = Release|Any CPU
	EndGlobalSection
	GlobalSection(ProjectConfigurationPlatforms) = postSolution
		{0FF523C1-C4CB-4C95-AE19-F5AC54C85990}.Debug|Any CPU.ActiveCfg = Debug|Any CPU
		{0FF523C1-C4CB-4C95-AE19-F5AC54C85990}.Debug|Any CPU.Build.0 = Debug|Any CPU
		{0FF523C1-C4CB-4C95-AE19-F5AC54C85990}.Release|Any CPU.ActiveCfg = Release|Any CPU
		{0FF523C1-C4CB-4C95-AE19-F5AC54C85990}.Release|Any CPU.Build.0 = Release|Any CPU
	EndGlobalSection
	GlobalSection(SolutionProperties) = preSolution
		HideSolutionNode = FALSE
	EndGlobalSection
	GlobalSection(ExtensibilityGlobals) = postSolution
		SolutionGuid = {6AA58F25-71FF-45F8-BD5D-464BD2C40367}
	EndGlobalSection
EndGlobal
