
Microsoft Visual Studio Solution File, Format Version 12.00
# Visual Studio Version 17
VisualStudioVersion = 17.0.32126.317
MinimumVisualStudioVersion = 10.0.40219.1
Project("{9A19103F-16F7-4668-BE54-9A1E7A4F7556}") = "DynamicGrpc", "DynamicGrpc.csproj", "{40ACEC10-57F2-4616-A85B-EDFE748EAB44}"
EndProject
Global
	GlobalSection(SolutionConfigurationPlatforms) = preSolution
		Debug|Any CPU = Debug|Any CPU
		Release|Any CPU = Release|Any CPU
	EndGlobalSection
	GlobalSection(ProjectConfigurationPlatforms) = postSolution
		{40ACEC10-57F2-4616-A85B-EDFE748EAB44}.Debug|Any CPU.ActiveCfg = Debug|Any CPU
		{40ACEC10-57F2-4616-A85B-EDFE748EAB44}.Debug|Any CPU.Build.0 = Debug|Any CPU
		{40ACEC10-57F2-4616-A85B-EDFE748EAB44}.Release|Any CPU.ActiveCfg = Release|Any CPU
		{40ACEC10-57F2-4616-A85B-EDFE748EAB44}.Release|Any CPU.Build.0 = Release|Any CPU
	EndGlobalSection
	GlobalSection(SolutionProperties) = preSolution
		HideSolutionNode = FALSE
	EndGlobalSection
	GlobalSection(ExtensibilityGlobals) = postSolution
		SolutionGuid = {F9DED14F-795B-4DF9-B8C5-3E4C521F50FE}
	EndGlobalSection
EndGlobal
