
Microsoft Visual Studio Solution File, Format Version 12.00
# Visual Studio Version 17
VisualStudioVersion = 17.0.32126.317
MinimumVisualStudioVersion = 10.0.40219.1
Project("{9A19103F-16F7-4668-BE54-9A1E7A4F7556}") = "Client", "Client.csproj", "{BE9795E2-D067-4773-A115-FF5D8F4BF913}"
EndProject
Global
	GlobalSection(SolutionConfigurationPlatforms) = preSolution
		Debug|Any CPU = Debug|Any CPU
		Release|Any CPU = Release|Any CPU
	EndGlobalSection
	GlobalSection(ProjectConfigurationPlatforms) = postSolution
		{BE9795E2-D067-4773-A115-FF5D8F4BF913}.Debug|Any CPU.ActiveCfg = Debug|Any CPU
		{BE9795E2-D067-4773-A115-FF5D8F4BF913}.Debug|Any CPU.Build.0 = Debug|Any CPU
		{BE9795E2-D067-4773-A115-FF5D8F4BF913}.Release|Any CPU.ActiveCfg = Release|Any CPU
		{BE9795E2-D067-4773-A115-FF5D8F4BF913}.Release|Any CPU.Build.0 = Release|Any CPU
	EndGlobalSection
	GlobalSection(SolutionProperties) = preSolution
		HideSolutionNode = FALSE
	EndGlobalSection
	GlobalSection(ExtensibilityGlobals) = postSolution
		SolutionGuid = {25EC90AD-B655-438F-B281-EC04D2C1472E}
	EndGlobalSection
EndGlobal
