
Microsoft Visual Studio Solution File, Format Version 12.00
# Visual Studio Version 17
VisualStudioVersion = 17.0.32126.317
MinimumVisualStudioVersion = 10.0.40219.1
Project("{9A19103F-16F7-4668-BE54-9A1E7A4F7556}") = "AutoDump", "AutoDump.csproj", "{978B6CD5-B517-4DDA-A905-63A0B0D5B518}"
EndProject
Global
	GlobalSection(SolutionConfigurationPlatforms) = preSolution
		Debug|Any CPU = Debug|Any CPU
		Release|Any CPU = Release|Any CPU
	EndGlobalSection
	GlobalSection(ProjectConfigurationPlatforms) = postSolution
		{978B6CD5-B517-4DDA-A905-63A0B0D5B518}.Debug|Any CPU.ActiveCfg = Debug|Any CPU
		{978B6CD5-B517-4DDA-A905-63A0B0D5B518}.Debug|Any CPU.Build.0 = Debug|Any CPU
		{978B6CD5-B517-4DDA-A905-63A0B0D5B518}.Release|Any CPU.ActiveCfg = Release|Any CPU
		{978B6CD5-B517-4DDA-A905-63A0B0D5B518}.Release|Any CPU.Build.0 = Release|Any CPU
	EndGlobalSection
	GlobalSection(SolutionProperties) = preSolution
		HideSolutionNode = FALSE
	EndGlobalSection
	GlobalSection(ExtensibilityGlobals) = postSolution
		SolutionGuid = {A3015FA3-BA81-47AE-8CBF-A17DEC9D8FCC}
	EndGlobalSection
EndGlobal
