
Microsoft Visual Studio Solution File, Format Version 12.00
# Visual Studio Version 17
VisualStudioVersion = 17.0.32126.317
MinimumVisualStudioVersion = 10.0.40219.1
Project("{9A19103F-16F7-4668-BE54-9A1E7A4F7556}") = "FodyWeavers", "FodyWeavers.csproj", "{BED92A34-F403-49B2-A590-BA32C1078376}"
EndProject
Project("{FAE04EC0-301F-11D3-BF4B-00C04F79EFBC}") = "HelloWorld.Fody", "..\HelloWorld.Fody\HelloWorld.Fody.csproj", "{D1BF3E19-1C8C-4D59-8634-11D7592D71D1}"
EndProject
Global
	GlobalSection(SolutionConfigurationPlatforms) = preSolution
		Debug|Any CPU = Debug|Any CPU
		Release|Any CPU = Release|Any CPU
	EndGlobalSection
	GlobalSection(ProjectConfigurationPlatforms) = postSolution
		{BED92A34-F403-49B2-A590-BA32C1078376}.Debug|Any CPU.ActiveCfg = Debug|Any CPU
		{BED92A34-F403-49B2-A590-BA32C1078376}.Debug|Any CPU.Build.0 = Debug|Any CPU
		{BED92A34-F403-49B2-A590-BA32C1078376}.Release|Any CPU.ActiveCfg = Release|Any CPU
		{BED92A34-F403-49B2-A590-BA32C1078376}.Release|Any CPU.Build.0 = Release|Any CPU
		{D1BF3E19-1C8C-4D59-8634-11D7592D71D1}.Debug|Any CPU.ActiveCfg = Debug|Any CPU
		{D1BF3E19-1C8C-4D59-8634-11D7592D71D1}.Debug|Any CPU.Build.0 = Debug|Any CPU
		{D1BF3E19-1C8C-4D59-8634-11D7592D71D1}.Release|Any CPU.ActiveCfg = Release|Any CPU
		{D1BF3E19-1C8C-4D59-8634-11D7592D71D1}.Release|Any CPU.Build.0 = Release|Any CPU
	EndGlobalSection
	GlobalSection(SolutionProperties) = preSolution
		HideSolutionNode = FALSE
	EndGlobalSection
	GlobalSection(ExtensibilityGlobals) = postSolution
		SolutionGuid = {39296D83-4DDA-454E-A11D-9A498147E4A1}
	EndGlobalSection
EndGlobal
