
Microsoft Visual Studio Solution File, Format Version 12.00
# Visual Studio Version 17
VisualStudioVersion = 17.0.32126.317
MinimumVisualStudioVersion = 10.0.40219.1
Project("{9A19103F-16F7-4668-BE54-9A1E7A4F7556}") = "DomainEvents", "DomainEvents.csproj", "{2582392D-B8FC-476C-8D3D-3918825FB912}"
EndProject
Global
	GlobalSection(SolutionConfigurationPlatforms) = preSolution
		Debug|Any CPU = Debug|Any CPU
		Release|Any CPU = Release|Any CPU
	EndGlobalSection
	GlobalSection(ProjectConfigurationPlatforms) = postSolution
		{2582392D-B8FC-476C-8D3D-3918825FB912}.Debug|Any CPU.ActiveCfg = Debug|Any CPU
		{2582392D-B8FC-476C-8D3D-3918825FB912}.Debug|Any CPU.Build.0 = Debug|Any CPU
		{2582392D-B8FC-476C-8D3D-3918825FB912}.Release|Any CPU.ActiveCfg = Release|Any CPU
		{2582392D-B8FC-476C-8D3D-3918825FB912}.Release|Any CPU.Build.0 = Release|Any CPU
	EndGlobalSection
	GlobalSection(SolutionProperties) = preSolution
		HideSolutionNode = FALSE
	EndGlobalSection
	GlobalSection(ExtensibilityGlobals) = postSolution
		SolutionGuid = {35611699-52C6-4AC8-B337-7A919E2DCEDB}
	EndGlobalSection
EndGlobal
